
Microsoft Visual Studio Solution File, Format Version 12.00
# Visual Studio Version 16
VisualStudioVersion = 16.0.28803.156
MinimumVisualStudioVersion = 10.0.40219.1
Project("{FAE04EC0-301F-11D3-BF4B-00C04F79EFBC}") = "DVD", "DVD.csproj", "{6903FCC4-5C91-4B16-A851-EA9716E1A23E}"
EndProject
Global
	GlobalSection(SolutionConfigurationPlatforms) = preSolution
		Debug|Any CPU = Debug|Any CPU
		Release|Any CPU = Release|Any CPU
	EndGlobalSection
	GlobalSection(ProjectConfigurationPlatforms) = postSolution
		{6903FCC4-5C91-4B16-A851-EA9716E1A23E}.Debug|Any CPU.ActiveCfg = Debug|Any CPU
		{6903FCC4-5C91-4B16-A851-EA9716E1A23E}.Debug|Any CPU.Build.0 = Debug|Any CPU
		{6903FCC4-5C91-4B16-A851-EA9716E1A23E}.Release|Any CPU.ActiveCfg = Release|Any CPU
		{6903FCC4-5C91-4B16-A851-EA9716E1A23E}.Release|Any CPU.Build.0 = Release|Any CPU
	EndGlobalSection
	GlobalSection(SolutionProperties) = preSolution
		HideSolutionNode = FALSE
	EndGlobalSection
	GlobalSection(ExtensibilityGlobals) = postSolution
		SolutionGuid = {FE4DA1D8-AAB4-4EF3-B0B8-DC20758E55BD}
	EndGlobalSection
EndGlobal
